{
  "requires": true,
  "lockfileVersion": 1,
  "dependencies": {
    "angular-date-value-accessor": {
      "version": "0.0.2",
      "resolved": "https://registry.npmjs.org/angular-date-value-accessor/-/angular-date-value-accessor-0.0.2.tgz",
      "integrity": "sha1-Pp7ZH6SFJa6T82hw9FOelpdervU="
    }
  }
}
